{
  "name": "kevintech.ninja",
  "version": "1.0.0",
  "lockfileVersion": 1,
  "dependencies": {
    "flexiblegs-stylus": {
      "version": "5.5.3",
      "resolved": "https://registry.npmjs.org/flexiblegs-stylus/-/flexiblegs-stylus-5.5.3.tgz",
      "integrity": "sha1-I2gf5jLYebEMHT05wfcJnvioHdg=",
      "dev": true
    }
  }
}
